# This file was autogenerated by Stack.
# You should not edit this file by hand.
# For more information, please see the documentation at:
#   https://docs.haskellstack.org/en/stable/lock_files

packages:
- completed:
    hackage: encoding-0.8.6@sha256:35f59e6cd485b5e566e6db4235a826ecbbb55ad64f54c8ff5f6d54df1808d7a2,5453
    pantry-tree:
      size: 5454
      sha256: a748ce3aadbfd44e43d42799c7ddd0f400704eb58f23ac2932ad5a9d880f2569
  original:
    hackage: encoding-0.8.6@sha256:35f59e6cd485b5e566e6db4235a826ecbbb55ad64f54c8ff5f6d54df1808d7a2,5453
- completed:
    hackage: glob-posix-0.2.0.1@sha256:438df35fc614ea9d355ec1390046d7abcc8afabf23f8e589abc2c9ef54b705be,1939
    pantry-tree:
      size: 564
      sha256: a499c93ba6d57b02d474292325fdaf55d63e2e71b982459ff281f3f4f2e7a6a6
  original:
    hackage: glob-posix-0.2.0.1@sha256:438df35fc614ea9d355ec1390046d7abcc8afabf23f8e589abc2c9ef54b705be,1939
snapshots:
- completed:
    size: 585817
    url: https://raw.githubusercontent.com/commercialhaskell/stackage-snapshots/master/lts/18/4.yaml
    sha256: ea3a318eafa9e9cc56bfbe46099fd0d54d32641ab7bbe1d182ed8f5de39f804c
  original: lts-18.4
